// !$*UTF8*$!
{
	archiveVersion = 1;
	classes = {
	};
	objectVersion = 56;
	objects = {

/* Begin PBXBuildFile section */
		B5AC86FD2A5791BB0069164A /* AppDelegate.swift in Sources */ = {isa = PBXBuildFile; fileRef = B5AC86FC2A5791BB0069164A /* AppDelegate.swift */; };
		B5AC86FF2A5791BB0069164A /* SceneDelegate.swift in Sources */ = {isa = PBXBuildFile; fileRef = B5AC86FE2A5791BB0069164A /* SceneDelegate.swift */; };
		B5AC87012A5791BB0069164A /* ViewController.swift in Sources */ = {isa = PBXBuildFile; fileRef = B5AC87002A5791BB0069164A /* ViewController.swift */; };
		B5AC87042A5791BC0069164A /* Main.storyboard in Resources */ = {isa = PBXBuildFile; fileRef = B5AC87022A5791BC0069164A /* Main.storyboard */; };
		B5AC87062A5791C00069164A /* Assets.xcassets in Resources */ = {isa = PBXBuildFile; fileRef = B5AC87052A5791C00069164A /* Assets.xcassets */; };
		B5AC87092A5791C00069164A /* LaunchScreen.storyboard in Resources */ = {isa = PBXBuildFile; fileRef = B5AC87072A5791C00069164A /* LaunchScreen.storyboard */; };
		B5AC87112A57923E0069164A /* BaseTabBarController.swift in Sources */ = {isa = PBXBuildFile; fileRef = B5AC87102A57923E0069164A /* BaseTabBarController.swift */; };
		B5AC87142A579C9A0069164A /* AppsSearchController.swift in Sources */ = {isa = PBXBuildFile; fileRef = B5AC87132A579C9A0069164A /* AppsSearchController.swift */; };
		B5AC87172A57A2A30069164A /* SearchResultsCell.swift in Sources */ = {isa = PBXBuildFile; fileRef = B5AC87162A57A2A30069164A /* SearchResultsCell.swift */; };
		B5AC871C2A591CF10069164A /* UIView+Layout.swift in Sources */ = {isa = PBXBuildFile; fileRef = B5AC871B2A591CF00069164A /* UIView+Layout.swift */; };
		B5AC871E2A59D0F90069164A /* VerticalStackView.swift in Sources */ = {isa = PBXBuildFile; fileRef = B5AC871D2A59D0F90069164A /* VerticalStackView.swift */; };
		B5AC87202A59EEED0069164A /* SearchResult.swift in Sources */ = {isa = PBXBuildFile; fileRef = B5AC871F2A59EEED0069164A /* SearchResult.swift */; };
		B5AC87242A59F57B0069164A /* Service.swift in Sources */ = {isa = PBXBuildFile; fileRef = B5AC87232A59F57B0069164A /* Service.swift */; };
		C8B682A9ED4B9D2BD8E5435D /* Pods_AppStoreClone.framework in Frameworks */ = {isa = PBXBuildFile; fileRef = 02B372D184EB82B96E5F9993 /* Pods_AppStoreClone.framework */; };
/* End PBXBuildFile section */

/* Begin PBXFileReference section */
		02B372D184EB82B96E5F9993 /* Pods_AppStoreClone.framework */ = {isa = PBXFileReference; explicitFileType = wrapper.framework; includeInIndex = 0; path = Pods_AppStoreClone.framework; sourceTree = BUILT_PRODUCTS_DIR; };
		4F3B890FC9D2D29E2F97E5A2 /* Pods-AppStoreClone.debug.xcconfig */ = {isa = PBXFileReference; includeInIndex = 1; lastKnownFileType = text.xcconfig; name = "Pods-AppStoreClone.debug.xcconfig"; path = "Target Support Files/Pods-AppStoreClone/Pods-AppStoreClone.debug.xcconfig"; sourceTree = "<group>"; };
		539257FF3011067AA4CFA7DE /* Pods-AppStoreClone.release.xcconfig */ = {isa = PBXFileReference; includeInIndex = 1; lastKnownFileType = text.xcconfig; name = "Pods-AppStoreClone.release.xcconfig"; path = "Target Support Files/Pods-AppStoreClone/Pods-AppStoreClone.release.xcconfig"; sourceTree = "<group>"; };
		B5AC86F92A5791BB0069164A /* AppStoreClone.app */ = {isa = PBXFileReference; explicitFileType = wrapper.application; includeInIndex = 0; path = AppStoreClone.app; sourceTree = BUILT_PRODUCTS_DIR; };
		B5AC86FC2A5791BB0069164A /* AppDelegate.swift */ = {isa = PBXFileReference; lastKnownFileType = sourcecode.swift; path = AppDelegate.swift; sourceTree = "<group>"; };
		B5AC86FE2A5791BB0069164A /* SceneDelegate.swift */ = {isa = PBXFileReference; lastKnownFileType = sourcecode.swift; path = SceneDelegate.swift; sourceTree = "<group>"; };
		B5AC87002A5791BB0069164A /* ViewController.swift */ = {isa = PBXFileReference; lastKnownFileType = sourcecode.swift; path = ViewController.swift; sourceTree = "<group>"; };
		B5AC87032A5791BC0069164A /* Base */ = {isa = PBXFileReference; lastKnownFileType = file.storyboard; name = Base; path = Base.lproj/Main.storyboard; sourceTree = "<group>"; };
		B5AC87052A5791C00069164A /* Assets.xcassets */ = {isa = PBXFileReference; lastKnownFileType = folder.assetcatalog; path = Assets.xcassets; sourceTree = "<group>"; };
		B5AC87082A5791C00069164A /* Base */ = {isa = PBXFileReference; lastKnownFileType = file.storyboard; name = Base; path = Base.lproj/LaunchScreen.storyboard; sourceTree = "<group>"; };
		B5AC870A2A5791C00069164A /* Info.plist */ = {isa = PBXFileReference; lastKnownFileType = text.plist.xml; path = Info.plist; sourceTree = "<group>"; };
		B5AC87102A57923E0069164A /* BaseTabBarController.swift */ = {isa = PBXFileReference; lastKnownFileType = sourcecode.swift; path = BaseTabBarController.swift; sourceTree = "<group>"; };
		B5AC87132A579C9A0069164A /* AppsSearchController.swift */ = {isa = PBXFileReference; lastKnownFileType = sourcecode.swift; path = AppsSearchController.swift; sourceTree = "<group>"; };
		B5AC87162A57A2A30069164A /* SearchResultsCell.swift */ = {isa = PBXFileReference; lastKnownFileType = sourcecode.swift; path = SearchResultsCell.swift; sourceTree = "<group>"; };
		B5AC871B2A591CF00069164A /* UIView+Layout.swift */ = {isa = PBXFileReference; lastKnownFileType = sourcecode.swift; path = "UIView+Layout.swift"; sourceTree = "<group>"; };
		B5AC871D2A59D0F90069164A /* VerticalStackView.swift */ = {isa = PBXFileReference; lastKnownFileType = sourcecode.swift; path = VerticalStackView.swift; sourceTree = "<group>"; };
		B5AC871F2A59EEED0069164A /* SearchResult.swift */ = {isa = PBXFileReference; lastKnownFileType = sourcecode.swift; path = SearchResult.swift; sourceTree = "<group>"; };
		B5AC87232A59F57B0069164A /* Service.swift */ = {isa = PBXFileReference; lastKnownFileType = sourcecode.swift; path = Service.swift; sourceTree = "<group>"; };
/* End PBXFileReference section */

/* Begin PBXFrameworksBuildPhase section */
		B5AC86F62A5791BB0069164A /* Frameworks */ = {
			isa = PBXFrameworksBuildPhase;
			buildActionMask = 2147483647;
			files = (
				C8B682A9ED4B9D2BD8E5435D /* Pods_AppStoreClone.framework in Frameworks */,
			);
			runOnlyForDeploymentPostprocessing = 0;
		};
/* End PBXFrameworksBuildPhase section */

/* Begin PBXGroup section */
		34B71396287AF87099763D67 /* Frameworks */ = {
			isa = PBXGroup;
			children = (
				02B372D184EB82B96E5F9993 /* Pods_AppStoreClone.framework */,
			);
			name = Frameworks;
			sourceTree = "<group>";
		};
		ABFA6702A65D4192A8DE8433 /* Pods */ = {
			isa = PBXGroup;
			children = (
				4F3B890FC9D2D29E2F97E5A2 /* Pods-AppStoreClone.debug.xcconfig */,
				539257FF3011067AA4CFA7DE /* Pods-AppStoreClone.release.xcconfig */,
			);
			name = Pods;
			path = Pods;
			sourceTree = "<group>";
		};
		B5AC86F02A5791BB0069164A = {
			isa = PBXGroup;
			children = (
				B5AC86FB2A5791BB0069164A /* AppStoreClone */,
				B5AC86FA2A5791BB0069164A /* Products */,
				ABFA6702A65D4192A8DE8433 /* Pods */,
				34B71396287AF87099763D67 /* Frameworks */,
			);
			sourceTree = "<group>";
		};
		B5AC86FA2A5791BB0069164A /* Products */ = {
			isa = PBXGroup;
			children = (
				B5AC86F92A5791BB0069164A /* AppStoreClone.app */,
			);
			name = Products;
			sourceTree = "<group>";
		};
		B5AC86FB2A5791BB0069164A /* AppStoreClone */ = {
			isa = PBXGroup;
			children = (
				B5AC87222A59F5640069164A /* APIService */,
				B5AC87212A59F1780069164A /* Model */,
				B5AC871A2A591CA40069164A /* Helpers */,
				B5AC87152A57A2890069164A /* Views */,
				B5AC87122A579C690069164A /* Controller */,
				B5AC86FC2A5791BB0069164A /* AppDelegate.swift */,
				B5AC86FE2A5791BB0069164A /* SceneDelegate.swift */,
				B5AC87002A5791BB0069164A /* ViewController.swift */,
				B5AC87022A5791BC0069164A /* Main.storyboard */,
				B5AC87052A5791C00069164A /* Assets.xcassets */,
				B5AC87072A5791C00069164A /* LaunchScreen.storyboard */,
				B5AC870A2A5791C00069164A /* Info.plist */,
			);
			path = AppStoreClone;
			sourceTree = "<group>";
		};
		B5AC87122A579C690069164A /* Controller */ = {
			isa = PBXGroup;
			children = (
				B5AC87102A57923E0069164A /* BaseTabBarController.swift */,
				B5AC87132A579C9A0069164A /* AppsSearchController.swift */,
			);
			path = Controller;
			sourceTree = "<group>";
		};
		B5AC87152A57A2890069164A /* Views */ = {
			isa = PBXGroup;
			children = (
				B5AC87162A57A2A30069164A /* SearchResultsCell.swift */,
			);
			path = Views;
			sourceTree = "<group>";
		};
		B5AC871A2A591CA40069164A /* Helpers */ = {
			isa = PBXGroup;
			children = (
				B5AC871B2A591CF00069164A /* UIView+Layout.swift */,
				B5AC871D2A59D0F90069164A /* VerticalStackView.swift */,
			);
			path = Helpers;
			sourceTree = "<group>";
		};
		B5AC87212A59F1780069164A /* Model */ = {
			isa = PBXGroup;
			children = (
				B5AC871F2A59EEED0069164A /* SearchResult.swift */,
			);
			path = Model;
			sourceTree = "<group>";
		};
		B5AC87222A59F5640069164A /* APIService */ = {
			isa = PBXGroup;
			children = (
				B5AC87232A59F57B0069164A /* Service.swift */,
			);
			path = APIService;
			sourceTree = "<group>";
		};
/* End PBXGroup section */

/* Begin PBXNativeTarget section */
		B5AC86F82A5791BB0069164A /* AppStoreClone */ = {
			isa = PBXNativeTarget;
			buildConfigurationList = B5AC870D2A5791C00069164A /* Build configuration list for PBXNativeTarget "AppStoreClone" */;
			buildPhases = (
				9B4A7A56B73469B569FDEB90 /* [CP] Check Pods Manifest.lock */,
				B5AC86F52A5791BB0069164A /* Sources */,
				B5AC86F62A5791BB0069164A /* Frameworks */,
				B5AC86F72A5791BB0069164A /* Resources */,
				8994B686296BCB62822403CF /* [CP] Embed Pods Frameworks */,
			);
			buildRules = (
			);
			dependencies = (
			);
			name = AppStoreClone;
			productName = AppSore_JSONApis;
			productReference = B5AC86F92A5791BB0069164A /* AppStoreClone.app */;
			productType = "com.apple.product-type.application";
		};
/* End PBXNativeTarget section */

/* Begin PBXProject section */
		B5AC86F12A5791BB0069164A /* Project object */ = {
			isa = PBXProject;
			attributes = {
				BuildIndependentTargetsInParallel = 1;
				LastSwiftUpdateCheck = 1410;
				LastUpgradeCheck = 1410;
				TargetAttributes = {
					B5AC86F82A5791BB0069164A = {
						CreatedOnToolsVersion = 14.1;
					};
				};
			};
			buildConfigurationList = B5AC86F42A5791BB0069164A /* Build configuration list for PBXProject "AppStoreClone" */;
			compatibilityVersion = "Xcode 14.0";
			developmentRegion = en;
			hasScannedForEncodings = 0;
			knownRegions = (
				en,
				Base,
			);
			mainGroup = B5AC86F02A5791BB0069164A;
			productRefGroup = B5AC86FA2A5791BB0069164A /* Products */;
			projectDirPath = "";
			projectRoot = "";
			targets = (
				B5AC86F82A5791BB0069164A /* AppStoreClone */,
			);
		};
/* End PBXProject section */

/* Begin PBXResourcesBuildPhase section */
		B5AC86F72A5791BB0069164A /* Resources */ = {
			isa = PBXResourcesBuildPhase;
			buildActionMask = 2147483647;
			files = (
				B5AC87092A5791C00069164A /* LaunchScreen.storyboard in Resources */,
				B5AC87062A5791C00069164A /* Assets.xcassets in Resources */,
				B5AC87042A5791BC0069164A /* Main.storyboard in Resources */,
			);
			runOnlyForDeploymentPostprocessing = 0;
		};
/* End PBXResourcesBuildPhase section */

/* Begin PBXShellScriptBuildPhase section */
		8994B686296BCB62822403CF /* [CP] Embed Pods Frameworks */ = {
			isa = PBXShellScriptBuildPhase;
			buildActionMask = 2147483647;
			files = (
			);
			inputFileListPaths = (
				"${PODS_ROOT}/Target Support Files/Pods-AppStoreClone/Pods-AppStoreClone-frameworks-${CONFIGURATION}-input-files.xcfilelist",
			);
			name = "[CP] Embed Pods Frameworks";
			outputFileListPaths = (
				"${PODS_ROOT}/Target Support Files/Pods-AppStoreClone/Pods-AppStoreClone-frameworks-${CONFIGURATION}-output-files.xcfilelist",
			);
			runOnlyForDeploymentPostprocessing = 0;
			shellPath = /bin/sh;
			shellScript = "\"${PODS_ROOT}/Target Support Files/Pods-AppStoreClone/Pods-AppStoreClone-frameworks.sh\"\n";
			showEnvVarsInLog = 0;
		};
		9B4A7A56B73469B569FDEB90 /* [CP] Check Pods Manifest.lock */ = {
			isa = PBXShellScriptBuildPhase;
			buildActionMask = 2147483647;
			files = (
			);
			inputFileListPaths = (
			);
			inputPaths = (
				"${PODS_PODFILE_DIR_PATH}/Podfile.lock",
				"${PODS_ROOT}/Manifest.lock",
			);
			name = "[CP] Check Pods Manifest.lock";
			outputFileListPaths = (
			);
			outputPaths = (
				"$(DERIVED_FILE_DIR)/Pods-AppStoreClone-checkManifestLockResult.txt",
			);
			runOnlyForDeploymentPostprocessing = 0;
			shellPath = /bin/sh;
			shellScript = "diff \"${PODS_PODFILE_DIR_PATH}/Podfile.lock\" \"${PODS_ROOT}/Manifest.lock\" > /dev/null\nif [ $? != 0 ] ; then\n    # print error to STDERR\n    echo \"error: The sandbox is not in sync with the Podfile.lock. Run 'pod install' or update your CocoaPods installation.\" >&2\n    exit 1\nfi\n# This output is used by Xcode 'outputs' to avoid re-running this script phase.\necho \"SUCCESS\" > \"${SCRIPT_OUTPUT_FILE_0}\"\n";
			showEnvVarsInLog = 0;
		};
/* End PBXShellScriptBuildPhase section */

/* Begin PBXSourcesBuildPhase section */
		B5AC86F52A5791BB0069164A /* Sources */ = {
			isa = PBXSourcesBuildPhase;
			buildActionMask = 2147483647;
			files = (
				B5AC871C2A591CF10069164A /* UIView+Layout.swift in Sources */,
				B5AC87202A59EEED0069164A /* SearchResult.swift in Sources */,
				B5AC87172A57A2A30069164A /* SearchResultsCell.swift in Sources */,
				B5AC87112A57923E0069164A /* BaseTabBarController.swift in Sources */,
				B5AC87012A5791BB0069164A /* ViewController.swift in Sources */,
				B5AC86FD2A5791BB0069164A /* AppDelegate.swift in Sources */,
				B5AC871E2A59D0F90069164A /* VerticalStackView.swift in Sources */,
				B5AC87242A59F57B0069164A /* Service.swift in Sources */,
				B5AC87142A579C9A0069164A /* AppsSearchController.swift in Sources */,
				B5AC86FF2A5791BB0069164A /* SceneDelegate.swift in Sources */,
			);
			runOnlyForDeploymentPostprocessing = 0;
		};
/* End PBXSourcesBuildPhase section */

/* Begin PBXVariantGroup section */
		B5AC87022A5791BC0069164A /* Main.storyboard */ = {
			isa = PBXVariantGroup;
			children = (
				B5AC87032A5791BC0069164A /* Base */,
			);
			name = Main.storyboard;
			sourceTree = "<group>";
		};
		B5AC87072A5791C00069164A /* LaunchScreen.storyboard */ = {
			isa = PBXVariantGroup;
			children = (
				B5AC87082A5791C00069164A /* Base */,
			);
			name = LaunchScreen.storyboard;
			sourceTree = "<group>";
		};
/* End PBXVariantGroup section */

/* Begin XCBuildConfiguration section */
		B5AC870B2A5791C00069164A /* Debug */ = {
			isa = XCBuildConfiguration;
			buildSettings = {
				ALWAYS_SEARCH_USER_PATHS = NO;
				CLANG_ANALYZER_NONNULL = YES;
				CLANG_ANALYZER_NUMBER_OBJECT_CONVERSION = YES_AGGRESSIVE;
				CLANG_CXX_LANGUAGE_STANDARD = "gnu++20";
				CLANG_ENABLE_MODULES = YES;
				CLANG_ENABLE_OBJC_ARC = YES;
				CLANG_ENABLE_OBJC_WEAK = YES;
				CLANG_WARN_BLOCK_CAPTURE_AUTORELEASING = YES;
				CLANG_WARN_BOOL_CONVERSION = YES;
				CLANG_WARN_COMMA = YES;
				CLANG_WARN_CONSTANT_CONVERSION = YES;
				CLANG_WARN_DEPRECATED_OBJC_IMPLEMENTATIONS = YES;
				CLANG_WARN_DIRECT_OBJC_ISA_USAGE = YES_ERROR;
				CLANG_WARN_DOCUMENTATION_COMMENTS = YES;
				CLANG_WARN_EMPTY_BODY = YES;
				CLANG_WARN_ENUM_CONVERSION = YES;
				CLANG_WARN_INFINITE_RECURSION = YES;
				CLANG_WARN_INT_CONVERSION = YES;
				CLANG_WARN_NON_LITERAL_NULL_CONVERSION = YES;
				CLANG_WARN_OBJC_IMPLICIT_RETAIN_SELF = YES;
				CLANG_WARN_OBJC_LITERAL_CONVERSION = YES;
				CLANG_WARN_OBJC_ROOT_CLASS = YES_ERROR;
				CLANG_WARN_QUOTED_INCLUDE_IN_FRAMEWORK_HEADER = YES;
				CLANG_WARN_RANGE_LOOP_ANALYSIS = YES;
				CLANG_WARN_STRICT_PROTOTYPES = YES;
				CLANG_WARN_SUSPICIOUS_MOVE = YES;
				CLANG_WARN_UNGUARDED_AVAILABILITY = YES_AGGRESSIVE;
				CLANG_WARN_UNREACHABLE_CODE = YES;
				CLANG_WARN__DUPLICATE_METHOD_MATCH = YES;
				COPY_PHASE_STRIP = NO;
				DEBUG_INFORMATION_FORMAT = dwarf;
				ENABLE_STRICT_OBJC_MSGSEND = YES;
				ENABLE_TESTABILITY = YES;
				GCC_C_LANGUAGE_STANDARD = gnu11;
				GCC_DYNAMIC_NO_PIC = NO;
				GCC_NO_COMMON_BLOCKS = YES;
				GCC_OPTIMIZATION_LEVEL = 0;
				GCC_PREPROCESSOR_DEFINITIONS = (
					"DEBUG=1",
					"$(inherited)",
				);
				GCC_WARN_64_TO_32_BIT_CONVERSION = YES;
				GCC_WARN_ABOUT_RETURN_TYPE = YES_ERROR;
				GCC_WARN_UNDECLARED_SELECTOR = YES;
				GCC_WARN_UNINITIALIZED_AUTOS = YES_AGGRESSIVE;
				GCC_WARN_UNUSED_FUNCTION = YES;
				GCC_WARN_UNUSED_VARIABLE = YES;
				IPHONEOS_DEPLOYMENT_TARGET = 16.1;
				MTL_ENABLE_DEBUG_INFO = INCLUDE_SOURCE;
				MTL_FAST_MATH = YES;
				ONLY_ACTIVE_ARCH = YES;
				SDKROOT = iphoneos;
				SWIFT_ACTIVE_COMPILATION_CONDITIONS = DEBUG;
				SWIFT_OPTIMIZATION_LEVEL = "-Onone";
			};
			name = Debug;
		};
		B5AC870C2A5791C00069164A /* Release */ = {
			isa = XCBuildConfiguration;
			buildSettings = {
				ALWAYS_SEARCH_USER_PATHS = NO;
				CLANG_ANALYZER_NONNULL = YES;
				CLANG_ANALYZER_NUMBER_OBJECT_CONVERSION = YES_AGGRESSIVE;
				CLANG_CXX_LANGUAGE_STANDARD = "gnu++20";
				CLANG_ENABLE_MODULES = YES;
				CLANG_ENABLE_OBJC_ARC = YES;
				CLANG_ENABLE_OBJC_WEAK = YES;
				CLANG_WARN_BLOCK_CAPTURE_AUTORELEASING = YES;
				CLANG_WARN_BOOL_CONVERSION = YES;
				CLANG_WARN_COMMA = YES;
				CLANG_WARN_CONSTANT_CONVERSION = YES;
				CLANG_WARN_DEPRECATED_OBJC_IMPLEMENTATIONS = YES;
				CLANG_WARN_DIRECT_OBJC_ISA_USAGE = YES_ERROR;
				CLANG_WARN_DOCUMENTATION_COMMENTS = YES;
				CLANG_WARN_EMPTY_BODY = YES;
				CLANG_WARN_ENUM_CONVERSION = YES;
				CLANG_WARN_INFINITE_RECURSION = YES;
				CLANG_WARN_INT_CONVERSION = YES;
				CLANG_WARN_NON_LITERAL_NULL_CONVERSION = YES;
				CLANG_WARN_OBJC_IMPLICIT_RETAIN_SELF = YES;
				CLANG_WARN_OBJC_LITERAL_CONVERSION = YES;
				CLANG_WARN_OBJC_ROOT_CLASS = YES_ERROR;
				CLANG_WARN_QUOTED_INCLUDE_IN_FRAMEWORK_HEADER = YES;
				CLANG_WARN_RANGE_LOOP_ANALYSIS = YES;
				CLANG_WARN_STRICT_PROTOTYPES = YES;
				CLANG_WARN_SUSPICIOUS_MOVE = YES;
				CLANG_WARN_UNGUARDED_AVAILABILITY = YES_AGGRESSIVE;
				CLANG_WARN_UNREACHABLE_CODE = YES;
				CLANG_WARN__DUPLICATE_METHOD_MATCH = YES;
				COPY_PHASE_STRIP = NO;
				DEBUG_INFORMATION_FORMAT = "dwarf-with-dsym";
				ENABLE_NS_ASSERTIONS = NO;
				ENABLE_STRICT_OBJC_MSGSEND = YES;
				GCC_C_LANGUAGE_STANDARD = gnu11;
				GCC_NO_COMMON_BLOCKS = YES;
				GCC_WARN_64_TO_32_BIT_CONVERSION = YES;
				GCC_WARN_ABOUT_RETURN_TYPE = YES_ERROR;
				GCC_WARN_UNDECLARED_SELECTOR = YES;
				GCC_WARN_UNINITIALIZED_AUTOS = YES_AGGRESSIVE;
				GCC_WARN_UNUSED_FUNCTION = YES;
				GCC_WARN_UNUSED_VARIABLE = YES;
				IPHONEOS_DEPLOYMENT_TARGET = 16.1;
				MTL_ENABLE_DEBUG_INFO = NO;
				MTL_FAST_MATH = YES;
				SDKROOT = iphoneos;
				SWIFT_COMPILATION_MODE = wholemodule;
				SWIFT_OPTIMIZATION_LEVEL = "-O";
				VALIDATE_PRODUCT = YES;
			};
			name = Release;
		};
		B5AC870E2A5791C00069164A /* Debug */ = {
			isa = XCBuildConfiguration;
			baseConfigurationReference = 4F3B890FC9D2D29E2F97E5A2 /* Pods-AppStoreClone.debug.xcconfig */;
			buildSettings = {
				ASSETCATALOG_COMPILER_APPICON_NAME = AppIcon;
				ASSETCATALOG_COMPILER_GLOBAL_ACCENT_COLOR_NAME = AccentColor;
				CODE_SIGN_STYLE = Automatic;
				CURRENT_PROJECT_VERSION = 1;
				DEVELOPMENT_TEAM = 493Q35DJV9;
				GENERATE_INFOPLIST_FILE = YES;
				INFOPLIST_FILE = AppStoreClone/Info.plist;
				INFOPLIST_KEY_UIApplicationSupportsIndirectInputEvents = YES;
				INFOPLIST_KEY_UILaunchStoryboardName = LaunchScreen;
				INFOPLIST_KEY_UIMainStoryboardFile = Main;
				INFOPLIST_KEY_UISupportedInterfaceOrientations_iPad = "UIInterfaceOrientationPortrait UIInterfaceOrientationPortraitUpsideDown UIInterfaceOrientationLandscapeLeft UIInterfaceOrientationLandscapeRight";
				INFOPLIST_KEY_UISupportedInterfaceOrientations_iPhone = "UIInterfaceOrientationPortrait UIInterfaceOrientationLandscapeLeft UIInterfaceOrientationLandscapeRight";
				LD_RUNPATH_SEARCH_PATHS = (
					"$(inherited)",
					"@executable_path/Frameworks",
				);
				MARKETING_VERSION = 1.0;
				PRODUCT_BUNDLE_IDENTIFIER = com.benlee.h.AppStoreClone;
				PRODUCT_NAME = AppStoreClone;
				SWIFT_EMIT_LOC_STRINGS = YES;
				SWIFT_VERSION = 5.0;
				TARGETED_DEVICE_FAMILY = "1,2";
			};
			name = Debug;
		};
		B5AC870F2A5791C00069164A /* Release */ = {
			isa = XCBuildConfiguration;
			baseConfigurationReference = 539257FF3011067AA4CFA7DE /* Pods-AppStoreClone.release.xcconfig */;
			buildSettings = {
				ASSETCATALOG_COMPILER_APPICON_NAME = AppIcon;
				ASSETCATALOG_COMPILER_GLOBAL_ACCENT_COLOR_NAME = AccentColor;
				CODE_SIGN_STYLE = Automatic;
				CURRENT_PROJECT_VERSION = 1;
				DEVELOPMENT_TEAM = 493Q35DJV9;
				GENERATE_INFOPLIST_FILE = YES;
				INFOPLIST_FILE = AppStoreClone/Info.plist;
				INFOPLIST_KEY_UIApplicationSupportsIndirectInputEvents = YES;
				INFOPLIST_KEY_UILaunchStoryboardName = LaunchScreen;
				INFOPLIST_KEY_UIMainStoryboardFile = Main;
				INFOPLIST_KEY_UISupportedInterfaceOrientations_iPad = "UIInterfaceOrientationPortrait UIInterfaceOrientationPortraitUpsideDown UIInterfaceOrientationLandscapeLeft UIInterfaceOrientationLandscapeRight";
				INFOPLIST_KEY_UISupportedInterfaceOrientations_iPhone = "UIInterfaceOrientationPortrait UIInterfaceOrientationLandscapeLeft UIInterfaceOrientationLandscapeRight";
				LD_RUNPATH_SEARCH_PATHS = (
					"$(inherited)",
					"@executable_path/Frameworks",
				);
				MARKETING_VERSION = 1.0;
				PRODUCT_BUNDLE_IDENTIFIER = com.benlee.h.AppStoreClone;
				PRODUCT_NAME = AppStoreClone;
				SWIFT_EMIT_LOC_STRINGS = YES;
				SWIFT_VERSION = 5.0;
				TARGETED_DEVICE_FAMILY = "1,2";
			};
			name = Release;
		};
/* End XCBuildConfiguration section */

/* Begin XCConfigurationList section */
		B5AC86F42A5791BB0069164A /* Build configuration list for PBXProject "AppStoreClone" */ = {
			isa = XCConfigurationList;
			buildConfigurations = (
				B5AC870B2A5791C00069164A /* Debug */,
				B5AC870C2A5791C00069164A /* Release */,
			);
			defaultConfigurationIsVisible = 0;
			defaultConfigurationName = Release;
		};
		B5AC870D2A5791C00069164A /* Build configuration list for PBXNativeTarget "AppStoreClone" */ = {
			isa = XCConfigurationList;
			buildConfigurations = (
				B5AC870E2A5791C00069164A /* Debug */,
				B5AC870F2A5791C00069164A /* Release */,
			);
			defaultConfigurationIsVisible = 0;
			defaultConfigurationName = Release;
		};
/* End XCConfigurationList section */
	};
	rootObject = B5AC86F12A5791BB0069164A /* Project object */;
}
